// !$*UTF8*$!
{
	archiveVersion = 1;
	classes = {
	};
	objectVersion = 46;
	objects = {

/* Begin PBXBuildFile section */
		2A403338CD9EE7999A4267A0 /* Pods_HomeWork.framework in Frameworks */ = {isa = PBXBuildFile; fileRef = B3FB9DE74AFBCAC7EF55E74A /* Pods_HomeWork.framework */; };
		E10873B31E4AA60700E5D285 /* dummy_ads.jpg in Resources */ = {isa = PBXBuildFile; fileRef = E10873B21E4AA60700E5D285 /* dummy_ads.jpg */; };
		E10873B81E4ACDF900E5D285 /* AdsViewController.swift in Sources */ = {isa = PBXBuildFile; fileRef = E10873B71E4ACDF900E5D285 /* AdsViewController.swift */; };
		E11D90CD1E74E1930009C1CD /* ResultViewController.swift in Sources */ = {isa = PBXBuildFile; fileRef = E11D90CC1E74E1930009C1CD /* ResultViewController.swift */; };
		E15B43E51E42C89C006BA433 /* libstdc++.6.0.9.tbd in Frameworks */ = {isa = PBXBuildFile; fileRef = E15B43E41E42C89C006BA433 /* libstdc++.6.0.9.tbd */; };
		E15B43E71E42C8A4006BA433 /* CoreImage.framework in Frameworks */ = {isa = PBXBuildFile; fileRef = E15B43E61E42C8A4006BA433 /* CoreImage.framework */; };
		E15B43E91E42CA67006BA433 /* tessdata in Resources */ = {isa = PBXBuildFile; fileRef = E15B43E81E42CA67006BA433 /* tessdata */; };
		E1F946CD1E41991D00BA452A /* AppDelegate.swift in Sources */ = {isa = PBXBuildFile; fileRef = E1F946CC1E41991D00BA452A /* AppDelegate.swift */; };
		E1F946CF1E41991D00BA452A /* ViewController.swift in Sources */ = {isa = PBXBuildFile; fileRef = E1F946CE1E41991D00BA452A /* ViewController.swift */; };
		E1F946D21E41991D00BA452A /* Main.storyboard in Resources */ = {isa = PBXBuildFile; fileRef = E1F946D01E41991D00BA452A /* Main.storyboard */; };
		E1F946D41E41991D00BA452A /* Assets.xcassets in Resources */ = {isa = PBXBuildFile; fileRef = E1F946D31E41991D00BA452A /* Assets.xcassets */; };
		E1F946D71E41991D00BA452A /* LaunchScreen.storyboard in Resources */ = {isa = PBXBuildFile; fileRef = E1F946D51E41991D00BA452A /* LaunchScreen.storyboard */; };
/* End PBXBuildFile section */

/* Begin PBXFileReference section */
		51157025BDAE5DDDE4B64F90 /* Pods-HomeWork.release.xcconfig */ = {isa = PBXFileReference; includeInIndex = 1; lastKnownFileType = text.xcconfig; name = "Pods-HomeWork.release.xcconfig"; path = "Pods/Target Support Files/Pods-HomeWork/Pods-HomeWork.release.xcconfig"; sourceTree = "<group>"; };
		8E41CAE2741446AA3442B4F7 /* Pods-HomeWork.debug.xcconfig */ = {isa = PBXFileReference; includeInIndex = 1; lastKnownFileType = text.xcconfig; name = "Pods-HomeWork.debug.xcconfig"; path = "Pods/Target Support Files/Pods-HomeWork/Pods-HomeWork.debug.xcconfig"; sourceTree = "<group>"; };
		B3FB9DE74AFBCAC7EF55E74A /* Pods_HomeWork.framework */ = {isa = PBXFileReference; explicitFileType = wrapper.framework; includeInIndex = 0; path = Pods_HomeWork.framework; sourceTree = BUILT_PRODUCTS_DIR; };
		E10873B21E4AA60700E5D285 /* dummy_ads.jpg */ = {isa = PBXFileReference; lastKnownFileType = image.jpeg; path = dummy_ads.jpg; sourceTree = "<group>"; };
		E10873B71E4ACDF900E5D285 /* AdsViewController.swift */ = {isa = PBXFileReference; fileEncoding = 4; lastKnownFileType = sourcecode.swift; path = AdsViewController.swift; sourceTree = "<group>"; };
		E11D90CC1E74E1930009C1CD /* ResultViewController.swift */ = {isa = PBXFileReference; fileEncoding = 4; lastKnownFileType = sourcecode.swift; path = ResultViewController.swift; sourceTree = "<group>"; };
		E15B43E41E42C89C006BA433 /* libstdc++.6.0.9.tbd */ = {isa = PBXFileReference; lastKnownFileType = "sourcecode.text-based-dylib-definition"; name = "libstdc++.6.0.9.tbd"; path = "usr/lib/libstdc++.6.0.9.tbd"; sourceTree = SDKROOT; };
		E15B43E61E42C8A4006BA433 /* CoreImage.framework */ = {isa = PBXFileReference; lastKnownFileType = wrapper.framework; name = CoreImage.framework; path = System/Library/Frameworks/CoreImage.framework; sourceTree = SDKROOT; };
		E15B43E81E42CA67006BA433 /* tessdata */ = {isa = PBXFileReference; lastKnownFileType = folder; path = tessdata; sourceTree = "<group>"; };
		E15B43EA1E42CF62006BA433 /* HomeWork-Bridging-Header.h */ = {isa = PBXFileReference; lastKnownFileType = sourcecode.c.h; path = "HomeWork-Bridging-Header.h"; sourceTree = "<group>"; };
		E1F946C91E41991D00BA452A /* HomeWork.app */ = {isa = PBXFileReference; explicitFileType = wrapper.application; includeInIndex = 0; path = HomeWork.app; sourceTree = BUILT_PRODUCTS_DIR; };
		E1F946CC1E41991D00BA452A /* AppDelegate.swift */ = {isa = PBXFileReference; lastKnownFileType = sourcecode.swift; path = AppDelegate.swift; sourceTree = "<group>"; };
		E1F946CE1E41991D00BA452A /* ViewController.swift */ = {isa = PBXFileReference; lastKnownFileType = sourcecode.swift; path = ViewController.swift; sourceTree = "<group>"; };
		E1F946D11E41991D00BA452A /* Base */ = {isa = PBXFileReference; lastKnownFileType = file.storyboard; name = Base; path = Base.lproj/Main.storyboard; sourceTree = "<group>"; };
		E1F946D31E41991D00BA452A /* Assets.xcassets */ = {isa = PBXFileReference; lastKnownFileType = folder.assetcatalog; path = Assets.xcassets; sourceTree = "<group>"; };
		E1F946D61E41991D00BA452A /* Base */ = {isa = PBXFileReference; lastKnownFileType = file.storyboard; name = Base; path = Base.lproj/LaunchScreen.storyboard; sourceTree = "<group>"; };
		E1F946D81E41991D00BA452A /* Info.plist */ = {isa = PBXFileReference; lastKnownFileType = text.plist.xml; path = Info.plist; sourceTree = "<group>"; };
/* End PBXFileReference section */

/* Begin PBXFrameworksBuildPhase section */
		E1F946C61E41991D00BA452A /* Frameworks */ = {
			isa = PBXFrameworksBuildPhase;
			buildActionMask = 2147483647;
			files = (
				E15B43E71E42C8A4006BA433 /* CoreImage.framework in Frameworks */,
				E15B43E51E42C89C006BA433 /* libstdc++.6.0.9.tbd in Frameworks */,
				2A403338CD9EE7999A4267A0 /* Pods_HomeWork.framework in Frameworks */,
			);
			runOnlyForDeploymentPostprocessing = 0;
		};
/* End PBXFrameworksBuildPhase section */

/* Begin PBXGroup section */
		59183998B62022EC79D0F3E8 /* Pods */ = {
			isa = PBXGroup;
			children = (
				8E41CAE2741446AA3442B4F7 /* Pods-HomeWork.debug.xcconfig */,
				51157025BDAE5DDDE4B64F90 /* Pods-HomeWork.release.xcconfig */,
			);
			name = Pods;
			sourceTree = "<group>";
		};
		A58B1940574C62B71743F148 /* Frameworks */ = {
			isa = PBXGroup;
			children = (
				E15B43E61E42C8A4006BA433 /* CoreImage.framework */,
				E15B43E41E42C89C006BA433 /* libstdc++.6.0.9.tbd */,
				B3FB9DE74AFBCAC7EF55E74A /* Pods_HomeWork.framework */,
			);
			name = Frameworks;
			sourceTree = "<group>";
		};
		E1F946C01E41991D00BA452A = {
			isa = PBXGroup;
			children = (
				E1F946CB1E41991D00BA452A /* HomeWork */,
				E1F946CA1E41991D00BA452A /* Products */,
				59183998B62022EC79D0F3E8 /* Pods */,
				A58B1940574C62B71743F148 /* Frameworks */,
			);
			sourceTree = "<group>";
		};
		E1F946CA1E41991D00BA452A /* Products */ = {
			isa = PBXGroup;
			children = (
				E1F946C91E41991D00BA452A /* HomeWork.app */,
			);
			name = Products;
			sourceTree = "<group>";
		};
		E1F946CB1E41991D00BA452A /* HomeWork */ = {
			isa = PBXGroup;
			children = (
				E10873B21E4AA60700E5D285 /* dummy_ads.jpg */,
				E1F946E11E41993300BA452A /* Supporting Files */,
				E1F946E01E41992D00BA452A /* Model */,
				E1F946DF1E41992900BA452A /* View */,
				E1F946DE1E41992400BA452A /* Controller */,
				E15B43EA1E42CF62006BA433 /* HomeWork-Bridging-Header.h */,
			);
			path = HomeWork;
			sourceTree = "<group>";
		};
		E1F946DE1E41992400BA452A /* Controller */ = {
			isa = PBXGroup;
			children = (
				E1F946CE1E41991D00BA452A /* ViewController.swift */,
				E10873B71E4ACDF900E5D285 /* AdsViewController.swift */,
				E11D90CC1E74E1930009C1CD /* ResultViewController.swift */,
			);
			name = Controller;
			sourceTree = "<group>";
		};
		E1F946DF1E41992900BA452A /* View */ = {
			isa = PBXGroup;
			children = (
				E1F946D51E41991D00BA452A /* LaunchScreen.storyboard */,
				E1F946D31E41991D00BA452A /* Assets.xcassets */,
				E1F946D01E41991D00BA452A /* Main.storyboard */,
			);
			name = View;
			sourceTree = "<group>";
		};
		E1F946E01E41992D00BA452A /* Model */ = {
			isa = PBXGroup;
			children = (
			);
			name = Model;
			sourceTree = "<group>";
		};
		E1F946E11E41993300BA452A /* Supporting Files */ = {
			isa = PBXGroup;
			children = (
				E1F946D81E41991D00BA452A /* Info.plist */,
				E1F946CC1E41991D00BA452A /* AppDelegate.swift */,
				E15B43E81E42CA67006BA433 /* tessdata */,
			);
			name = "Supporting Files";
			sourceTree = "<group>";
		};
/* End PBXGroup section */

/* Begin PBXNativeTarget section */
		E1F946C81E41991D00BA452A /* HomeWork */ = {
			isa = PBXNativeTarget;
			buildConfigurationList = E1F946DB1E41991D00BA452A /* Build configuration list for PBXNativeTarget "HomeWork" */;
			buildPhases = (
				F5357C1E3CFAFD8D2E7C71CE /* [CP] Check Pods Manifest.lock */,
				E1F946C51E41991D00BA452A /* Sources */,
				E1F946C61E41991D00BA452A /* Frameworks */,
				E1F946C71E41991D00BA452A /* Resources */,
				BB502B09A463AA10365CF86E /* [CP] Embed Pods Frameworks */,
				D95E66A7F8D3B25445782255 /* [CP] Copy Pods Resources */,
			);
			buildRules = (
			);
			dependencies = (
			);
			name = HomeWork;
			productName = HomeWork;
			productReference = E1F946C91E41991D00BA452A /* HomeWork.app */;
			productType = "com.apple.product-type.application";
		};
/* End PBXNativeTarget section */

/* Begin PBXProject section */
		E1F946C11E41991D00BA452A /* Project object */ = {
			isa = PBXProject;
			attributes = {
				LastSwiftUpdateCheck = 0820;
				LastUpgradeCheck = 0820;
				ORGANIZATIONNAME = Robert;
				TargetAttributes = {
					E1F946C81E41991D00BA452A = {
						CreatedOnToolsVersion = 8.2.1;
						DevelopmentTeam = 7K8CLP54S8;
						LastSwiftMigration = 0820;
						ProvisioningStyle = Manual;
					};
				};
			};
			buildConfigurationList = E1F946C41E41991D00BA452A /* Build configuration list for PBXProject "HomeWork" */;
			compatibilityVersion = "Xcode 3.2";
			developmentRegion = English;
			hasScannedForEncodings = 0;
			knownRegions = (
				en,
				Base,
			);
			mainGroup = E1F946C01E41991D00BA452A;
			productRefGroup = E1F946CA1E41991D00BA452A /* Products */;
			projectDirPath = "";
			projectRoot = "";
			targets = (
				E1F946C81E41991D00BA452A /* HomeWork */,
			);
		};
/* End PBXProject section */

/* Begin PBXResourcesBuildPhase section */
		E1F946C71E41991D00BA452A /* Resources */ = {
			isa = PBXResourcesBuildPhase;
			buildActionMask = 2147483647;
			files = (
				E1F946D71E41991D00BA452A /* LaunchScreen.storyboard in Resources */,
				E15B43E91E42CA67006BA433 /* tessdata in Resources */,
				E10873B31E4AA60700E5D285 /* dummy_ads.jpg in Resources */,
				E1F946D41E41991D00BA452A /* Assets.xcassets in Resources */,
				E1F946D21E41991D00BA452A /* Main.storyboard in Resources */,
			);
			runOnlyForDeploymentPostprocessing = 0;
		};
/* End PBXResourcesBuildPhase section */

/* Begin PBXShellScriptBuildPhase section */
		BB502B09A463AA10365CF86E /* [CP] Embed Pods Frameworks */ = {
			isa = PBXShellScriptBuildPhase;
			buildActionMask = 2147483647;
			files = (
			);
			inputPaths = (
			);
			name = "[CP] Embed Pods Frameworks";
			outputPaths = (
			);
			runOnlyForDeploymentPostprocessing = 0;
			shellPath = /bin/sh;
			shellScript = "\"${SRCROOT}/Pods/Target Support Files/Pods-HomeWork/Pods-HomeWork-frameworks.sh\"\n";
			showEnvVarsInLog = 0;
		};
		D95E66A7F8D3B25445782255 /* [CP] Copy Pods Resources */ = {
			isa = PBXShellScriptBuildPhase;
			buildActionMask = 2147483647;
			files = (
			);
			inputPaths = (
			);
			name = "[CP] Copy Pods Resources";
			outputPaths = (
			);
			runOnlyForDeploymentPostprocessing = 0;
			shellPath = /bin/sh;
			shellScript = "\"${SRCROOT}/Pods/Target Support Files/Pods-HomeWork/Pods-HomeWork-resources.sh\"\n";
			showEnvVarsInLog = 0;
		};
		F5357C1E3CFAFD8D2E7C71CE /* [CP] Check Pods Manifest.lock */ = {
			isa = PBXShellScriptBuildPhase;
			buildActionMask = 2147483647;
			files = (
			);
			inputPaths = (
			);
			name = "[CP] Check Pods Manifest.lock";
			outputPaths = (
			);
			runOnlyForDeploymentPostprocessing = 0;
			shellPath = /bin/sh;
			shellScript = "diff \"${PODS_ROOT}/../Podfile.lock\" \"${PODS_ROOT}/Manifest.lock\" > /dev/null\nif [ $? != 0 ] ; then\n    # print error to STDERR\n    echo \"error: The sandbox is not in sync with the Podfile.lock. Run 'pod install' or update your CocoaPods installation.\" >&2\n    exit 1\nfi\n";
			showEnvVarsInLog = 0;
		};
/* End PBXShellScriptBuildPhase section */

/* Begin PBXSourcesBuildPhase section */
		E1F946C51E41991D00BA452A /* Sources */ = {
			isa = PBXSourcesBuildPhase;
			buildActionMask = 2147483647;
			files = (
				E1F946CF1E41991D00BA452A /* ViewController.swift in Sources */,
				E10873B81E4ACDF900E5D285 /* AdsViewController.swift in Sources */,
				E1F946CD1E41991D00BA452A /* AppDelegate.swift in Sources */,
				E11D90CD1E74E1930009C1CD /* ResultViewController.swift in Sources */,
			);
			runOnlyForDeploymentPostprocessing = 0;
		};
/* End PBXSourcesBuildPhase section */

/* Begin PBXVariantGroup section */
		E1F946D01E41991D00BA452A /* Main.storyboard */ = {
			isa = PBXVariantGroup;
			children = (
				E1F946D11E41991D00BA452A /* Base */,
			);
			name = Main.storyboard;
			sourceTree = "<group>";
		};
		E1F946D51E41991D00BA452A /* LaunchScreen.storyboard */ = {
			isa = PBXVariantGroup;
			children = (
				E1F946D61E41991D00BA452A /* Base */,
			);
			name = LaunchScreen.storyboard;
			sourceTree = "<group>";
		};
/* End PBXVariantGroup section */

/* Begin XCBuildConfiguration section */
		E1F946D91E41991D00BA452A /* Debug */ = {
			isa = XCBuildConfiguration;
			buildSettings = {
				ALWAYS_SEARCH_USER_PATHS = NO;
				CLANG_ANALYZER_NONNULL = YES;
				CLANG_CXX_LANGUAGE_STANDARD = "gnu++0x";
				CLANG_CXX_LIBRARY = "libc++";
				CLANG_ENABLE_MODULES = YES;
				CLANG_ENABLE_OBJC_ARC = YES;
				CLANG_WARN_BOOL_CONVERSION = YES;
				CLANG_WARN_CONSTANT_CONVERSION = YES;
				CLANG_WARN_DIRECT_OBJC_ISA_USAGE = YES_ERROR;
				CLANG_WARN_DOCUMENTATION_COMMENTS = YES;
				CLANG_WARN_EMPTY_BODY = YES;
				CLANG_WARN_ENUM_CONVERSION = YES;
				CLANG_WARN_INFINITE_RECURSION = YES;
				CLANG_WARN_INT_CONVERSION = YES;
				CLANG_WARN_OBJC_ROOT_CLASS = YES_ERROR;
				CLANG_WARN_SUSPICIOUS_MOVE = YES;
				CLANG_WARN_UNREACHABLE_CODE = YES;
				CLANG_WARN__DUPLICATE_METHOD_MATCH = YES;
				"CODE_SIGN_IDENTITY[sdk=iphoneos*]" = "iPhone Developer";
				COPY_PHASE_STRIP = NO;
				DEBUG_INFORMATION_FORMAT = dwarf;
				ENABLE_BITCODE = NO;
				ENABLE_STRICT_OBJC_MSGSEND = YES;
				ENABLE_TESTABILITY = YES;
				GCC_C_LANGUAGE_STANDARD = gnu99;
				GCC_DYNAMIC_NO_PIC = NO;
				GCC_NO_COMMON_BLOCKS = YES;
				GCC_OPTIMIZATION_LEVEL = 0;
				GCC_PREPROCESSOR_DEFINITIONS = (
					"DEBUG=1",
					"$(inherited)",
				);
				GCC_WARN_64_TO_32_BIT_CONVERSION = YES;
				GCC_WARN_ABOUT_RETURN_TYPE = YES_ERROR;
				GCC_WARN_UNDECLARED_SELECTOR = YES;
				GCC_WARN_UNINITIALIZED_AUTOS = YES_AGGRESSIVE;
				GCC_WARN_UNUSED_FUNCTION = YES;
				GCC_WARN_UNUSED_VARIABLE = YES;
				IPHONEOS_DEPLOYMENT_TARGET = 10.2;
				MTL_ENABLE_DEBUG_INFO = YES;
				ONLY_ACTIVE_ARCH = YES;
				SDKROOT = iphoneos;
				SWIFT_ACTIVE_COMPILATION_CONDITIONS = DEBUG;
				SWIFT_OPTIMIZATION_LEVEL = "-Onone";
				TARGETED_DEVICE_FAMILY = "1,2";
			};
			name = Debug;
		};
		E1F946DA1E41991D00BA452A /* Release */ = {
			isa = XCBuildConfiguration;
			buildSettings = {
				ALWAYS_SEARCH_USER_PATHS = NO;
				CLANG_ANALYZER_NONNULL = YES;
				CLANG_CXX_LANGUAGE_STANDARD = "gnu++0x";
				CLANG_CXX_LIBRARY = "libc++";
				CLANG_ENABLE_MODULES = YES;
				CLANG_ENABLE_OBJC_ARC = YES;
				CLANG_WARN_BOOL_CONVERSION = YES;
				CLANG_WARN_CONSTANT_CONVERSION = YES;
				CLANG_WARN_DIRECT_OBJC_ISA_USAGE = YES_ERROR;
				CLANG_WARN_DOCUMENTATION_COMMENTS = YES;
				CLANG_WARN_EMPTY_BODY = YES;
				CLANG_WARN_ENUM_CONVERSION = YES;
				CLANG_WARN_INFINITE_RECURSION = YES;
				CLANG_WARN_INT_CONVERSION = YES;
				CLANG_WARN_OBJC_ROOT_CLASS = YES_ERROR;
				CLANG_WARN_SUSPICIOUS_MOVE = YES;
				CLANG_WARN_UNREACHABLE_CODE = YES;
				CLANG_WARN__DUPLICATE_METHOD_MATCH = YES;
				"CODE_SIGN_IDENTITY[sdk=iphoneos*]" = "iPhone Developer";
				COPY_PHASE_STRIP = NO;
				DEBUG_INFORMATION_FORMAT = "dwarf-with-dsym";
				ENABLE_BITCODE = NO;
				ENABLE_NS_ASSERTIONS = NO;
				ENABLE_STRICT_OBJC_MSGSEND = YES;
				GCC_C_LANGUAGE_STANDARD = gnu99;
				GCC_NO_COMMON_BLOCKS = YES;
				GCC_WARN_64_TO_32_BIT_CONVERSION = YES;
				GCC_WARN_ABOUT_RETURN_TYPE = YES_ERROR;
				GCC_WARN_UNDECLARED_SELECTOR = YES;
				GCC_WARN_UNINITIALIZED_AUTOS = YES_AGGRESSIVE;
				GCC_WARN_UNUSED_FUNCTION = YES;
				GCC_WARN_UNUSED_VARIABLE = YES;
				IPHONEOS_DEPLOYMENT_TARGET = 10.2;
				MTL_ENABLE_DEBUG_INFO = NO;
				SDKROOT = iphoneos;
				SWIFT_OPTIMIZATION_LEVEL = "-Owholemodule";
				TARGETED_DEVICE_FAMILY = "1,2";
				VALIDATE_PRODUCT = YES;
			};
			name = Release;
		};
		E1F946DC1E41991D00BA452A /* Debug */ = {
			isa = XCBuildConfiguration;
			baseConfigurationReference = 8E41CAE2741446AA3442B4F7 /* Pods-HomeWork.debug.xcconfig */;
			buildSettings = {
				ASSETCATALOG_COMPILER_APPICON_NAME = AppIcon;
				CLANG_ENABLE_MODULES = YES;
				CODE_SIGN_IDENTITY = "iPhone Distribution: Nardone Networks LLC (7K8CLP54S8)";
				DEVELOPMENT_TEAM = 7K8CLP54S8;
				ENABLE_BITCODE = NO;
				INFOPLIST_FILE = HomeWork/Info.plist;
				IPHONEOS_DEPLOYMENT_TARGET = 8.0;
				LD_RUNPATH_SEARCH_PATHS = "$(inherited) @executable_path/Frameworks";
				PRODUCT_BUNDLE_IDENTIFIER = com.nardonetwork.HomeWork;
				PRODUCT_NAME = "$(TARGET_NAME)";
				PROVISIONING_PROFILE = "2f1b406a-c107-45a8-8ebd-ef4c4979eb9b";
				PROVISIONING_PROFILE_SPECIFIER = "Homework AppStore";
				SWIFT_OBJC_BRIDGING_HEADER = "HomeWork/HomeWork-Bridging-Header.h";
				SWIFT_OPTIMIZATION_LEVEL = "-Onone";
				SWIFT_VERSION = 3.0;
			};
			name = Debug;
		};
		E1F946DD1E41991D00BA452A /* Release */ = {
			isa = XCBuildConfiguration;
			baseConfigurationReference = 51157025BDAE5DDDE4B64F90 /* Pods-HomeWork.release.xcconfig */;
			buildSettings = {
				ASSETCATALOG_COMPILER_APPICON_NAME = AppIcon;
				CLANG_ENABLE_MODULES = YES;
				CODE_SIGN_IDENTITY = "iPhone Distribution: Nardone Networks LLC (7K8CLP54S8)";
				DEVELOPMENT_TEAM = 7K8CLP54S8;
				ENABLE_BITCODE = NO;
				INFOPLIST_FILE = HomeWork/Info.plist;
				IPHONEOS_DEPLOYMENT_TARGET = 8.0;
				LD_RUNPATH_SEARCH_PATHS = "$(inherited) @executable_path/Frameworks";
				PRODUCT_BUNDLE_IDENTIFIER = com.nardonetwork.HomeWork;
				PRODUCT_NAME = "$(TARGET_NAME)";
				PROVISIONING_PROFILE = "2f1b406a-c107-45a8-8ebd-ef4c4979eb9b";
				PROVISIONING_PROFILE_SPECIFIER = "Homework AppStore";
				SWIFT_OBJC_BRIDGING_HEADER = "HomeWork/HomeWork-Bridging-Header.h";
				SWIFT_VERSION = 3.0;
			};
			name = Release;
		};
/* End XCBuildConfiguration section */

/* Begin XCConfigurationList section */
		E1F946C41E41991D00BA452A /* Build configuration list for PBXProject "HomeWork" */ = {
			isa = XCConfigurationList;
			buildConfigurations = (
				E1F946D91E41991D00BA452A /* Debug */,
				E1F946DA1E41991D00BA452A /* Release */,
			);
			defaultConfigurationIsVisible = 0;
			defaultConfigurationName = Release;
		};
		E1F946DB1E41991D00BA452A /* Build configuration list for PBXNativeTarget "HomeWork" */ = {
			isa = XCConfigurationList;
			buildConfigurations = (
				E1F946DC1E41991D00BA452A /* Debug */,
				E1F946DD1E41991D00BA452A /* Release */,
			);
			defaultConfigurationIsVisible = 0;
			defaultConfigurationName = Release;
		};
/* End XCConfigurationList section */
	};
	rootObject = E1F946C11E41991D00BA452A /* Project object */;
}
